// !$*UTF8*$!
{
	archiveVersion = 1;
	classes = {
	};
	objectVersion = 50;
	objects = {

/* Begin PBXBuildFile section */
		E60C1AA0246B1CD900745B34 /* AboutViewController.swift in Sources */ = {isa = PBXBuildFile; fileRef = E60C1A9F246B1CD900745B34 /* AboutViewController.swift */; };
		E60C1AA5246B260600745B34 /* WebKit.framework in Frameworks */ = {isa = PBXBuildFile; fileRef = E60C1AA4246B260600745B34 /* WebKit.framework */; };
		E62A1011245CBE83008DAD67 /* AppDelegate.swift in Sources */ = {isa = PBXBuildFile; fileRef = E62A1010245CBE83008DAD67 /* AppDelegate.swift */; };
		E62A1013245CBE83008DAD67 /* SceneDelegate.swift in Sources */ = {isa = PBXBuildFile; fileRef = E62A1012245CBE83008DAD67 /* SceneDelegate.swift */; };
		E62A1015245CBE83008DAD67 /* ViewController.swift in Sources */ = {isa = PBXBuildFile; fileRef = E62A1014245CBE83008DAD67 /* ViewController.swift */; };
		E62A1018245CBE83008DAD67 /* Main.storyboard in Resources */ = {isa = PBXBuildFile; fileRef = E62A1016245CBE83008DAD67 /* Main.storyboard */; };
		E62A101A245CBE85008DAD67 /* Assets.xcassets in Resources */ = {isa = PBXBuildFile; fileRef = E62A1019245CBE85008DAD67 /* Assets.xcassets */; };
		E62A101D245CBE85008DAD67 /* LaunchScreen.storyboard in Resources */ = {isa = PBXBuildFile; fileRef = E62A101B245CBE85008DAD67 /* LaunchScreen.storyboard */; };
		E65299C82471D8E7009E1305 /* BullsEye.html in Resources */ = {isa = PBXBuildFile; fileRef = E65299C72471D8E7009E1305 /* BullsEye.html */; };
/* End PBXBuildFile section */

/* Begin PBXFileReference section */
		E60C1A9F246B1CD900745B34 /* AboutViewController.swift */ = {isa = PBXFileReference; lastKnownFileType = sourcecode.swift; path = AboutViewController.swift; sourceTree = "<group>"; };
		E60C1AA4246B260600745B34 /* WebKit.framework */ = {isa = PBXFileReference; lastKnownFileType = wrapper.framework; name = WebKit.framework; path = System/Library/Frameworks/WebKit.framework; sourceTree = SDKROOT; };
		E62A100D245CBE83008DAD67 /* Bull's Eye.app */ = {isa = PBXFileReference; explicitFileType = wrapper.application; includeInIndex = 0; path = "Bull's Eye.app"; sourceTree = BUILT_PRODUCTS_DIR; };
		E62A1010245CBE83008DAD67 /* AppDelegate.swift */ = {isa = PBXFileReference; lastKnownFileType = sourcecode.swift; path = AppDelegate.swift; sourceTree = "<group>"; };
		E62A1012245CBE83008DAD67 /* SceneDelegate.swift */ = {isa = PBXFileReference; lastKnownFileType = sourcecode.swift; path = SceneDelegate.swift; sourceTree = "<group>"; };
		E62A1014245CBE83008DAD67 /* ViewController.swift */ = {isa = PBXFileReference; lastKnownFileType = sourcecode.swift; path = ViewController.swift; sourceTree = "<group>"; };
		E62A1017245CBE83008DAD67 /* Base */ = {isa = PBXFileReference; lastKnownFileType = file.storyboard; name = Base; path = Base.lproj/Main.storyboard; sourceTree = "<group>"; };
		E62A1019245CBE85008DAD67 /* Assets.xcassets */ = {isa = PBXFileReference; lastKnownFileType = folder.assetcatalog; path = Assets.xcassets; sourceTree = "<group>"; };
		E62A101C245CBE85008DAD67 /* Base */ = {isa = PBXFileReference; lastKnownFileType = file.storyboard; name = Base; path = Base.lproj/LaunchScreen.storyboard; sourceTree = "<group>"; };
		E62A101E245CBE85008DAD67 /* Info.plist */ = {isa = PBXFileReference; lastKnownFileType = text.plist.xml; path = Info.plist; sourceTree = "<group>"; };
		E65299C72471D8E7009E1305 /* BullsEye.html */ = {isa = PBXFileReference; fileEncoding = 4; lastKnownFileType = text.html; path = BullsEye.html; sourceTree = "<group>"; };
/* End PBXFileReference section */

/* Begin PBXFrameworksBuildPhase section */
		E62A100A245CBE83008DAD67 /* Frameworks */ = {
			isa = PBXFrameworksBuildPhase;
			buildActionMask = 2147483647;
			files = (
				E60C1AA5246B260600745B34 /* WebKit.framework in Frameworks */,
			);
			runOnlyForDeploymentPostprocessing = 0;
		};
/* End PBXFrameworksBuildPhase section */

/* Begin PBXGroup section */
		E60C1AA3246B260600745B34 /* Frameworks */ = {
			isa = PBXGroup;
			children = (
				E60C1AA4246B260600745B34 /* WebKit.framework */,
			);
			name = Frameworks;
			sourceTree = "<group>";
		};
		E62A1004245CBE83008DAD67 = {
			isa = PBXGroup;
			children = (
				E62A100F245CBE83008DAD67 /* BullsEye */,
				E62A100E245CBE83008DAD67 /* Products */,
				E60C1AA3246B260600745B34 /* Frameworks */,
			);
			sourceTree = "<group>";
		};
		E62A100E245CBE83008DAD67 /* Products */ = {
			isa = PBXGroup;
			children = (
				E62A100D245CBE83008DAD67 /* Bull's Eye.app */,
			);
			name = Products;
			sourceTree = "<group>";
		};
		E62A100F245CBE83008DAD67 /* BullsEye */ = {
			isa = PBXGroup;
			children = (
				E65299C72471D8E7009E1305 /* BullsEye.html */,
				E62A1010245CBE83008DAD67 /* AppDelegate.swift */,
				E62A1012245CBE83008DAD67 /* SceneDelegate.swift */,
				E62A1014245CBE83008DAD67 /* ViewController.swift */,
				E60C1A9F246B1CD900745B34 /* AboutViewController.swift */,
				E62A1016245CBE83008DAD67 /* Main.storyboard */,
				E62A1019245CBE85008DAD67 /* Assets.xcassets */,
				E62A101B245CBE85008DAD67 /* LaunchScreen.storyboard */,
				E62A101E245CBE85008DAD67 /* Info.plist */,
			);
			path = BullsEye;
			sourceTree = "<group>";
		};
/* End PBXGroup section */

/* Begin PBXNativeTarget section */
		E62A100C245CBE83008DAD67 /* BullsEye */ = {
			isa = PBXNativeTarget;
			buildConfigurationList = E62A1021245CBE85008DAD67 /* Build configuration list for PBXNativeTarget "BullsEye" */;
			buildPhases = (
				E62A1009245CBE83008DAD67 /* Sources */,
				E62A100A245CBE83008DAD67 /* Frameworks */,
				E62A100B245CBE83008DAD67 /* Resources */,
			);
			buildRules = (
			);
			dependencies = (
			);
			name = BullsEye;
			productName = BullsEye;
			productReference = E62A100D245CBE83008DAD67 /* Bull's Eye.app */;
			productType = "com.apple.product-type.application";
		};
/* End PBXNativeTarget section */

/* Begin PBXProject section */
		E62A1005245CBE83008DAD67 /* Project object */ = {
			isa = PBXProject;
			attributes = {
				LastSwiftUpdateCheck = 1140;
				LastUpgradeCheck = 1140;
				ORGANIZATIONNAME = "Olawunmi GEORGE";
				TargetAttributes = {
					E62A100C245CBE83008DAD67 = {
						CreatedOnToolsVersion = 11.4.1;
					};
				};
			};
			buildConfigurationList = E62A1008245CBE83008DAD67 /* Build configuration list for PBXProject "BullsEye" */;
			compatibilityVersion = "Xcode 9.3";
			developmentRegion = en;
			hasScannedForEncodings = 0;
			knownRegions = (
				en,
				Base,
			);
			mainGroup = E62A1004245CBE83008DAD67;
			productRefGroup = E62A100E245CBE83008DAD67 /* Products */;
			projectDirPath = "";
			projectRoot = "";
			targets = (
				E62A100C245CBE83008DAD67 /* BullsEye */,
			);
		};
/* End PBXProject section */

/* Begin PBXResourcesBuildPhase section */
		E62A100B245CBE83008DAD67 /* Resources */ = {
			isa = PBXResourcesBuildPhase;
			buildActionMask = 2147483647;
			files = (
				E62A101D245CBE85008DAD67 /* LaunchScreen.storyboard in Resources */,
				E62A101A245CBE85008DAD67 /* Assets.xcassets in Resources */,
				E62A1018245CBE83008DAD67 /* Main.storyboard in Resources */,
				E65299C82471D8E7009E1305 /* BullsEye.html in Resources */,
			);
			runOnlyForDeploymentPostprocessing = 0;
		};
/* End PBXResourcesBuildPhase section */

/* Begin PBXSourcesBuildPhase section */
		E62A1009245CBE83008DAD67 /* Sources */ = {
			isa = PBXSourcesBuildPhase;
			buildActionMask = 2147483647;
			files = (
				E62A1015245CBE83008DAD67 /* ViewController.swift in Sources */,
				E62A1011245CBE83008DAD67 /* AppDelegate.swift in Sources */,
				E60C1AA0246B1CD900745B34 /* AboutViewController.swift in Sources */,
				E62A1013245CBE83008DAD67 /* SceneDelegate.swift in Sources */,
			);
			runOnlyForDeploymentPostprocessing = 0;
		};
/* End PBXSourcesBuildPhase section */

/* Begin PBXVariantGroup section */
		E62A1016245CBE83008DAD67 /* Main.storyboard */ = {
			isa = PBXVariantGroup;
			children = (
				E62A1017245CBE83008DAD67 /* Base */,
			);
			name = Main.storyboard;
			sourceTree = "<group>";
		};
		E62A101B245CBE85008DAD67 /* LaunchScreen.storyboard */ = {
			isa = PBXVariantGroup;
			children = (
				E62A101C245CBE85008DAD67 /* Base */,
			);
			name = LaunchScreen.storyboard;
			sourceTree = "<group>";
		};
/* End PBXVariantGroup section */

/* Begin XCBuildConfiguration section */
		E62A101F245CBE85008DAD67 /* Debug */ = {
			isa = XCBuildConfiguration;
			buildSettings = {
				ALWAYS_SEARCH_USER_PATHS = NO;
				CLANG_ANALYZER_NONNULL = YES;
				CLANG_ANALYZER_NUMBER_OBJECT_CONVERSION = YES_AGGRESSIVE;
				CLANG_CXX_LANGUAGE_STANDARD = "gnu++14";
				CLANG_CXX_LIBRARY = "libc++";
				CLANG_ENABLE_MODULES = YES;
				CLANG_ENABLE_OBJC_ARC = YES;
				CLANG_ENABLE_OBJC_WEAK = YES;
				CLANG_WARN_BLOCK_CAPTURE_AUTORELEASING = YES;
				CLANG_WARN_BOOL_CONVERSION = YES;
				CLANG_WARN_COMMA = YES;
				CLANG_WARN_CONSTANT_CONVERSION = YES;
				CLANG_WARN_DEPRECATED_OBJC_IMPLEMENTATIONS = YES;
				CLANG_WARN_DIRECT_OBJC_ISA_USAGE = YES_ERROR;
				CLANG_WARN_DOCUMENTATION_COMMENTS = YES;
				CLANG_WARN_EMPTY_BODY = YES;
				CLANG_WARN_ENUM_CONVERSION = YES;
				CLANG_WARN_INFINITE_RECURSION = YES;
				CLANG_WARN_INT_CONVERSION = YES;
				CLANG_WARN_NON_LITERAL_NULL_CONVERSION = YES;
				CLANG_WARN_OBJC_IMPLICIT_RETAIN_SELF = YES;
				CLANG_WARN_OBJC_LITERAL_CONVERSION = YES;
				CLANG_WARN_OBJC_ROOT_CLASS = YES_ERROR;
				CLANG_WARN_RANGE_LOOP_ANALYSIS = YES;
				CLANG_WARN_STRICT_PROTOTYPES = YES;
				CLANG_WARN_SUSPICIOUS_MOVE = YES;
				CLANG_WARN_UNGUARDED_AVAILABILITY = YES_AGGRESSIVE;
				CLANG_WARN_UNREACHABLE_CODE = YES;
				CLANG_WARN__DUPLICATE_METHOD_MATCH = YES;
				COPY_PHASE_STRIP = NO;
				DEBUG_INFORMATION_FORMAT = dwarf;
				ENABLE_STRICT_OBJC_MSGSEND = YES;
				ENABLE_TESTABILITY = YES;
				GCC_C_LANGUAGE_STANDARD = gnu11;
				GCC_DYNAMIC_NO_PIC = NO;
				GCC_NO_COMMON_BLOCKS = YES;
				GCC_OPTIMIZATION_LEVEL = 0;
				GCC_PREPROCESSOR_DEFINITIONS = (
					"DEBUG=1",
					"$(inherited)",
				);
				GCC_WARN_64_TO_32_BIT_CONVERSION = YES;
				GCC_WARN_ABOUT_RETURN_TYPE = YES_ERROR;
				GCC_WARN_UNDECLARED_SELECTOR = YES;
				GCC_WARN_UNINITIALIZED_AUTOS = YES_AGGRESSIVE;
				GCC_WARN_UNUSED_FUNCTION = YES;
				GCC_WARN_UNUSED_VARIABLE = YES;
				IPHONEOS_DEPLOYMENT_TARGET = 13.4;
				MTL_ENABLE_DEBUG_INFO = INCLUDE_SOURCE;
				MTL_FAST_MATH = YES;
				ONLY_ACTIVE_ARCH = YES;
				SDKROOT = iphoneos;
				SWIFT_ACTIVE_COMPILATION_CONDITIONS = DEBUG;
				SWIFT_OPTIMIZATION_LEVEL = "-Onone";
			};
			name = Debug;
		};
		E62A1020245CBE85008DAD67 /* Release */ = {
			isa = XCBuildConfiguration;
			buildSettings = {
				ALWAYS_SEARCH_USER_PATHS = NO;
				CLANG_ANALYZER_NONNULL = YES;
				CLANG_ANALYZER_NUMBER_OBJECT_CONVERSION = YES_AGGRESSIVE;
				CLANG_CXX_LANGUAGE_STANDARD = "gnu++14";
				CLANG_CXX_LIBRARY = "libc++";
				CLANG_ENABLE_MODULES = YES;
				CLANG_ENABLE_OBJC_ARC = YES;
				CLANG_ENABLE_OBJC_WEAK = YES;
				CLANG_WARN_BLOCK_CAPTURE_AUTORELEASING = YES;
				CLANG_WARN_BOOL_CONVERSION = YES;
				CLANG_WARN_COMMA = YES;
				CLANG_WARN_CONSTANT_CONVERSION = YES;
				CLANG_WARN_DEPRECATED_OBJC_IMPLEMENTATIONS = YES;
				CLANG_WARN_DIRECT_OBJC_ISA_USAGE = YES_ERROR;
				CLANG_WARN_DOCUMENTATION_COMMENTS = YES;
				CLANG_WARN_EMPTY_BODY = YES;
				CLANG_WARN_ENUM_CONVERSION = YES;
				CLANG_WARN_INFINITE_RECURSION = YES;
				CLANG_WARN_INT_CONVERSION = YES;
				CLANG_WARN_NON_LITERAL_NULL_CONVERSION = YES;
				CLANG_WARN_OBJC_IMPLICIT_RETAIN_SELF = YES;
				CLANG_WARN_OBJC_LITERAL_CONVERSION = YES;
				CLANG_WARN_OBJC_ROOT_CLASS = YES_ERROR;
				CLANG_WARN_RANGE_LOOP_ANALYSIS = YES;
				CLANG_WARN_STRICT_PROTOTYPES = YES;
				CLANG_WARN_SUSPICIOUS_MOVE = YES;
				CLANG_WARN_UNGUARDED_AVAILABILITY = YES_AGGRESSIVE;
				CLANG_WARN_UNREACHABLE_CODE = YES;
				CLANG_WARN__DUPLICATE_METHOD_MATCH = YES;
				COPY_PHASE_STRIP = NO;
				DEBUG_INFORMATION_FORMAT = "dwarf-with-dsym";
				ENABLE_NS_ASSERTIONS = NO;
				ENABLE_STRICT_OBJC_MSGSEND = YES;
				GCC_C_LANGUAGE_STANDARD = gnu11;
				GCC_NO_COMMON_BLOCKS = YES;
				GCC_WARN_64_TO_32_BIT_CONVERSION = YES;
				GCC_WARN_ABOUT_RETURN_TYPE = YES_ERROR;
				GCC_WARN_UNDECLARED_SELECTOR = YES;
				GCC_WARN_UNINITIALIZED_AUTOS = YES_AGGRESSIVE;
				GCC_WARN_UNUSED_FUNCTION = YES;
				GCC_WARN_UNUSED_VARIABLE = YES;
				IPHONEOS_DEPLOYMENT_TARGET = 13.4;
				MTL_ENABLE_DEBUG_INFO = NO;
				MTL_FAST_MATH = YES;
				SDKROOT = iphoneos;
				SWIFT_COMPILATION_MODE = wholemodule;
				SWIFT_OPTIMIZATION_LEVEL = "-O";
				VALIDATE_PRODUCT = YES;
			};
			name = Release;
		};
		E62A1022245CBE85008DAD67 /* Debug */ = {
			isa = XCBuildConfiguration;
			buildSettings = {
				ASSETCATALOG_COMPILER_APPICON_NAME = AppIcon;
				CODE_SIGN_IDENTITY = "iPhone Developer";
				CODE_SIGN_STYLE = Automatic;
				DEVELOPMENT_TEAM = KNN7386579;
				INFOPLIST_FILE = BullsEye/Info.plist;
				LD_RUNPATH_SEARCH_PATHS = (
					"$(inherited)",
					"@executable_path/Frameworks",
				);
				PRODUCT_BUNDLE_IDENTIFIER = com.lherbeur.BullsEye;
				PRODUCT_NAME = "Bull's Eye";
				SWIFT_VERSION = 5.0;
				TARGETED_DEVICE_FAMILY = "1,2";
			};
			name = Debug;
		};
		E62A1023245CBE85008DAD67 /* Release */ = {
			isa = XCBuildConfiguration;
			buildSettings = {
				ASSETCATALOG_COMPILER_APPICON_NAME = AppIcon;
				CODE_SIGN_IDENTITY = "iPhone Developer";
				CODE_SIGN_STYLE = Automatic;
				DEVELOPMENT_TEAM = KNN7386579;
				INFOPLIST_FILE = BullsEye/Info.plist;
				LD_RUNPATH_SEARCH_PATHS = (
					"$(inherited)",
					"@executable_path/Frameworks",
				);
				PRODUCT_BUNDLE_IDENTIFIER = com.lherbeur.BullsEye;
				PRODUCT_NAME = "Bull's Eye";
				SWIFT_VERSION = 5.0;
				TARGETED_DEVICE_FAMILY = "1,2";
			};
			name = Release;
		};
/* End XCBuildConfiguration section */

/* Begin XCConfigurationList section */
		E62A1008245CBE83008DAD67 /* Build configuration list for PBXProject "BullsEye" */ = {
			isa = XCConfigurationList;
			buildConfigurations = (
				E62A101F245CBE85008DAD67 /* Debug */,
				E62A1020245CBE85008DAD67 /* Release */,
			);
			defaultConfigurationIsVisible = 0;
			defaultConfigurationName = Release;
		};
		E62A1021245CBE85008DAD67 /* Build configuration list for PBXNativeTarget "BullsEye" */ = {
			isa = XCConfigurationList;
			buildConfigurations = (
				E62A1022245CBE85008DAD67 /* Debug */,
				E62A1023245CBE85008DAD67 /* Release */,
			);
			defaultConfigurationIsVisible = 0;
			defaultConfigurationName = Release;
		};
/* End XCConfigurationList section */
	};
	rootObject = E62A1005245CBE83008DAD67 /* Project object */;
}
